{
  "version": 4,
  "terraform_version": "1.14.3",
  "serial": 211,
  "lineage": "e16832c5-243a-3918-bcf2-3de9a6f28b9b",
  "outputs": {
    "backup_bucket": {
      "value": "project-ef128af4-2ca3-4e17-837-wedding-backups",
      "type": "string"
    },
    "data_bucket": {
      "value": "project-ef128af4-2ca3-4e17-837-wedding-data",
      "type": "string"
    },
    "service_url": {
      "value": "https://wedding-rsvp-32aczezcfa-ew.a.run.app",
      "type": "string"
    }
  },
  "resources": [
    {
      "mode": "managed",
      "type": "google_cloud_run_service_iam_member",
      "name": "scheduler_invoker",
      "provider": "provider[\"registry.terraform.io/hashicorp/google\"]",
      "instances": [
        {
          "schema_version": 0,
          "attributes": {
            "condition": [],
            "etag": "BwZMwBPqy6w=",
            "id": "v1/projects/project-ef128af4-2ca3-4e17-837/locations/europe-west1/services/wedding-rsvp/roles/run.invoker/serviceAccount:wedding-scheduler@project-ef128af4-2ca3-4e17-837.iam.gserviceaccount.com",
            "location": "europe-west1",
            "member": "serviceAccount:wedding-scheduler@project-ef128af4-2ca3-4e17-837.iam.gserviceaccount.com",
            "project": "project-ef128af4-2ca3-4e17-837",
            "role": "roles/run.invoker",
            "service": "v1/projects/project-ef128af4-2ca3-4e17-837/locations/europe-west1/services/wedding-rsvp"
          },
          "sensitive_attributes": [],
          "identity_schema_version": 0,
          "private": "eyJzY2hlbWFfdmVyc2lvbiI6IjAifQ==",
          "dependencies": [
            "google_cloud_run_v2_service.wedding",
            "google_service_account.scheduler",
            "google_service_account.wedding_runner",
            "google_storage_bucket.backups",
            "google_storage_bucket.data"
          ]
        }
      ]
    },
    {
      "mode": "managed",
      "type": "google_cloud_run_v2_service",
      "name": "wedding",
      "provider": "provider[\"registry.terraform.io/hashicorp/google\"]",
      "instances": [
        {
          "schema_version": 0,
          "attributes": {
            "annotations": {},
            "binary_authorization": [],
            "client": "",
            "client_version": "",
            "conditions": [
              {
                "execution_reason": "",
                "last_transition_time": "2026-03-13T14:05:10.425029Z",
                "message": "",
                "reason": "",
                "revision_reason": "",
                "severity": "",
                "state": "CONDITION_SUCCEEDED",
                "type": "RoutesReady"
              },
              {
                "execution_reason": "",
                "last_transition_time": "2026-03-13T14:05:04.442447Z",
                "message": "",
                "reason": "",
                "revision_reason": "",
                "severity": "",
                "state": "CONDITION_SUCCEEDED",
                "type": "ConfigurationsReady"
              }
            ],
            "create_time": "2026-02-08T15:03:03.381347Z",
            "creator": "christopher.mutono@team.bumble.com",
            "custom_audiences": [],
            "delete_time": "",
            "description": "",
            "effective_annotations": {},
            "effective_labels": {},
            "etag": "\"CIqz0M0GEKDY4s0D/cHJvamVjdHMvcHJvamVjdC1lZjEyOGFmNC0yY2EzLTRlMTctODM3L2xvY2F0aW9ucy9ldXJvcGUtd2VzdDEvc2VydmljZXMvd2VkZGluZy1yc3Zw\"",
            "expire_time": "",
            "generation": "55",
            "id": "projects/project-ef128af4-2ca3-4e17-837/locations/europe-west1/services/wedding-rsvp",
            "ingress": "INGRESS_TRAFFIC_ALL",
            "labels": {},
            "last_modifier": "christopher.mutono@team.bumble.com",
            "latest_created_revision": "projects/project-ef128af4-2ca3-4e17-837/locations/europe-west1/services/wedding-rsvp/revisions/wedding-rsvp-00055-5gz",
            "latest_ready_revision": "projects/project-ef128af4-2ca3-4e17-837/locations/europe-west1/services/wedding-rsvp/revisions/wedding-rsvp-00055-5gz",
            "launch_stage": "GA",
            "location": "europe-west1",
            "name": "wedding-rsvp",
            "observed_generation": "55",
            "project": "project-ef128af4-2ca3-4e17-837",
            "reconciling": false,
            "template": [
              {
                "annotations": {},
                "containers": [
                  {
                    "args": [],
                    "command": [],
                    "depends_on": [],
                    "env": [
                      {
                        "name": "NODE_ENV",
                        "value": "production",
                        "value_source": []
                      },
                      {
                        "name": "GOOGLE_CLIENT_ID",
                        "value": "966641821373-1jsefscna47nvp28gq0s2oqfa6rk3bbp.apps.googleusercontent.com",
                        "value_source": []
                      },
                      {
                        "name": "GOOGLE_CLIENT_SECRET",
                        "value": "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",
                        "value_source": []
                      },
                      {
                        "name": "ADMIN_EMAILS",
                        "value": "chrisdmutono@gmail.com,candiceburton4@gmail.com",
                        "value_source": []
                      },
                      {
                        "name": "JWT_SECRET",
                        "value": "b4fa2b7f850f0e9cbd2fcd751a8cfb79043b8f8974e71d33a0a24678d87ce3aad4193376cfaf7ecf7123a48778421de3a5cd40c578e69ba013b4ea6bc57a3ecd",
                        "value_source": []
                      },
                      {
                        "name": "BASE_URL",
                        "value": "https://celebratingcc.com",
                        "value_source": []
                      },
                      {
                        "name": "SMTP_PASS",
                        "value": "re_cK35Gp5a_8j8i9PxdVDmkDPY7ddkwUfjh",
                        "value_source": []
                      },
                      {
                        "name": "EMAIL_FROM",
                        "value": "noreply@celebratingcc.com",
                        "value_source": []
                      },
                      {
                        "name": "DEPLOY_TIMESTAMP",
                        "value": "20260313140448",
                        "value_source": []
                      },
                      {
                        "name": "CRON_SECRET",
                        "value": "09aeeea768c275b45f0091b57866d4fe57e9683595de1abffb4031d31a1cad7e",
                        "value_source": []
                      },
                      {
                        "name": "PROJECT_ID",
                        "value": "project-ef128af4-2ca3-4e17-837",
                        "value_source": []
                      },
                      {
                        "name": "BACKUP_BUCKET",
                        "value": "project-ef128af4-2ca3-4e17-837-wedding-backups",
                        "value_source": []
                      }
                    ],
                    "image": "gcr.io/project-ef128af4-2ca3-4e17-837/wedding-rsvp:latest",
                    "liveness_probe": [],
                    "name": "",
                    "ports": [
                      {
                        "container_port": 3000,
                        "name": "http1"
                      }
                    ],
                    "resources": [
                      {
                        "cpu_idle": false,
                        "limits": {
                          "cpu": "2",
                          "memory": "1Gi"
                        },
                        "startup_cpu_boost": false
                      }
                    ],
                    "startup_probe": [
                      {
                        "failure_threshold": 1,
                        "grpc": [],
                        "http_get": [],
                        "initial_delay_seconds": 0,
                        "period_seconds": 240,
                        "tcp_socket": [
                          {
                            "port": 3000
                          }
                        ],
                        "timeout_seconds": 240
                      }
                    ],
                    "volume_mounts": [
                      {
                        "mount_path": "/app/data",
                        "name": "data"
                      }
                    ],
                    "working_dir": ""
                  }
                ],
                "encryption_key": "",
                "execution_environment": "",
                "labels": {},
                "max_instance_request_concurrency": 80,
                "revision": "",
                "scaling": [
                  {
                    "max_instance_count": 1,
                    "min_instance_count": 0
                  }
                ],
                "service_account": "wedding-rsvp-runner@project-ef128af4-2ca3-4e17-837.iam.gserviceaccount.com",
                "session_affinity": false,
                "timeout": "300s",
                "volumes": [
                  {
                    "cloud_sql_instance": [],
                    "gcs": [
                      {
                        "bucket": "project-ef128af4-2ca3-4e17-837-wedding-data",
                        "read_only": false
                      }
                    ],
                    "name": "data",
                    "nfs": [],
                    "secret": []
                  }
                ],
                "vpc_access": []
              }
            ],
            "terminal_condition": [
              {
                "execution_reason": "",
                "last_transition_time": "2026-03-13T14:05:10.448753Z",
                "message": "",
                "reason": "",
                "revision_reason": "",
                "severity": "",
                "state": "CONDITION_SUCCEEDED",
                "type": "Ready"
              }
            ],
            "terraform_labels": {},
            "timeouts": null,
            "traffic": [
              {
                "percent": 100,
                "revision": "",
                "tag": "",
                "type": "TRAFFIC_TARGET_ALLOCATION_TYPE_LATEST"
              }
            ],
            "traffic_statuses": [
              {
                "percent": 100,
                "revision": "",
                "tag": "",
                "type": "TRAFFIC_TARGET_ALLOCATION_TYPE_LATEST",
                "uri": ""
              }
            ],
            "uid": "4dfffa84-24f5-40af-8663-97fcec9f2e2a",
            "update_time": "2026-03-13T14:04:58.968404Z",
            "uri": "https://wedding-rsvp-32aczezcfa-ew.a.run.app"
          },
          "sensitive_attributes": [
            [
              {
                "type": "get_attr",
                "value": "template"
              },
              {
                "type": "index",
                "value": {
                  "value": 0,
                  "type": "number"
                }
              },
              {
                "type": "get_attr",
                "value": "containers"
              },
              {
                "type": "index",
                "value": {
                  "value": 0,
                  "type": "number"
                }
              },
              {
                "type": "get_attr",
                "value": "env"
              },
              {
                "type": "index",
                "value": {
                  "value": 2,
                  "type": "number"
                }
              },
              {
                "type": "get_attr",
                "value": "value"
              }
            ],
            [
              {
                "type": "get_attr",
                "value": "template"
              },
              {
                "type": "index",
                "value": {
                  "value": 0,
                  "type": "number"
                }
              },
              {
                "type": "get_attr",
                "value": "containers"
              },
              {
                "type": "index",
                "value": {
                  "value": 0,
                  "type": "number"
                }
              },
              {
                "type": "get_attr",
                "value": "env"
              },
              {
                "type": "index",
                "value": {
                  "value": 4,
                  "type": "number"
                }
              },
              {
                "type": "get_attr",
                "value": "value"
              }
            ],
            [
              {
                "type": "get_attr",
                "value": "template"
              },
              {
                "type": "index",
                "value": {
                  "value": 0,
                  "type": "number"
                }
              },
              {
                "type": "get_attr",
                "value": "containers"
              },
              {
                "type": "index",
                "value": {
                  "value": 0,
                  "type": "number"
                }
              },
              {
                "type": "get_attr",
                "value": "env"
              },
              {
                "type": "index",
                "value": {
                  "value": 6,
                  "type": "number"
                }
              },
              {
                "type": "get_attr",
                "value": "value"
              }
            ],
            [
              {
                "type": "get_attr",
                "value": "template"
              },
              {
                "type": "index",
                "value": {
                  "value": 0,
                  "type": "number"
                }
              },
              {
                "type": "get_attr",
                "value": "containers"
              },
              {
                "type": "index",
                "value": {
                  "value": 0,
                  "type": "number"
                }
              },
              {
                "type": "get_attr",
                "value": "env"
              },
              {
                "type": "index",
                "value": {
                  "value": 9,
                  "type": "number"
                }
              },
              {
                "type": "get_attr",
                "value": "value"
              }
            ]
          ],
          "identity_schema_version": 0,
          "private": "eyJlMmJmYjczMC1lY2FhLTExZTYtOGY4OC0zNDM2M2JjN2M0YzAiOnsiY3JlYXRlIjoxMjAwMDAwMDAwMDAwLCJkZWxldGUiOjEyMDAwMDAwMDAwMDAsInVwZGF0ZSI6MTIwMDAwMDAwMDAwMH19",
          "dependencies": [
            "google_service_account.wedding_runner",
            "google_storage_bucket.backups",
            "google_storage_bucket.data"
          ]
        }
      ]
    },
    {
      "mode": "managed",
      "type": "google_cloud_scheduler_job",
      "name": "daily_backup",
      "provider": "provider[\"registry.terraform.io/hashicorp/google\"]",
      "instances": [
        {
          "schema_version": 0,
          "attributes": {
            "app_engine_http_target": [],
            "attempt_deadline": "320s",
            "description": "Daily database backup at 2 AM",
            "http_target": [
              {
                "body": "",
                "headers": {
                  "x-cloudscheduler": "09aeeea768c275b45f0091b57866d4fe57e9683595de1abffb4031d31a1cad7e"
                },
                "http_method": "GET",
                "oauth_token": [],
                "oidc_token": [
                  {
                    "audience": "https://wedding-rsvp-32aczezcfa-ew.a.run.app/api/cron/daily-backup",
                    "service_account_email": "wedding-scheduler@project-ef128af4-2ca3-4e17-837.iam.gserviceaccount.com"
                  }
                ],
                "uri": "https://wedding-rsvp-32aczezcfa-ew.a.run.app/api/cron/daily-backup"
              }
            ],
            "id": "projects/project-ef128af4-2ca3-4e17-837/locations/europe-west1/jobs/wedding-daily-backup",
            "name": "wedding-daily-backup",
            "paused": false,
            "project": "project-ef128af4-2ca3-4e17-837",
            "pubsub_target": [],
            "region": "europe-west1",
            "retry_config": [
              {
                "max_backoff_duration": "3600s",
                "max_doublings": 5,
                "max_retry_duration": "0s",
                "min_backoff_duration": "5s",
                "retry_count": 3
              }
            ],
            "schedule": "0 2 * * *",
            "state": "ENABLED",
            "time_zone": "America/New_York",
            "timeouts": null
          },
          "sensitive_attributes": [
            [
              {
                "type": "get_attr",
                "value": "http_target"
              },
              {
                "type": "index",
                "value": {
                  "value": 0,
                  "type": "number"
                }
              },
              {
                "type": "get_attr",
                "value": "headers"
              },
              {
                "type": "index",
                "value": {
                  "value": "x-cloudscheduler",
                  "type": "string"
                }
              }
            ]
          ],
          "identity_schema_version": 0,
          "private": "eyJlMmJmYjczMC1lY2FhLTExZTYtOGY4OC0zNDM2M2JjN2M0YzAiOnsiY3JlYXRlIjoxMjAwMDAwMDAwMDAwLCJkZWxldGUiOjEyMDAwMDAwMDAwMDAsInVwZGF0ZSI6MTIwMDAwMDAwMDAwMH19",
          "dependencies": [
            "google_cloud_run_v2_service.wedding",
            "google_service_account.scheduler",
            "google_service_account.wedding_runner",
            "google_storage_bucket.backups",
            "google_storage_bucket.data"
          ]
        }
      ]
    },
    {
      "mode": "managed",
      "type": "google_service_account",
      "name": "scheduler",
      "provider": "provider[\"registry.terraform.io/hashicorp/google\"]",
      "instances": [
        {
          "schema_version": 0,
          "attributes": {
            "account_id": "wedding-scheduler",
            "create_ignore_already_exists": null,
            "description": "",
            "disabled": false,
            "display_name": "Wedding Scheduler service account",
            "email": "wedding-scheduler@project-ef128af4-2ca3-4e17-837.iam.gserviceaccount.com",
            "id": "projects/project-ef128af4-2ca3-4e17-837/serviceAccounts/wedding-scheduler@project-ef128af4-2ca3-4e17-837.iam.gserviceaccount.com",
            "member": "serviceAccount:wedding-scheduler@project-ef128af4-2ca3-4e17-837.iam.gserviceaccount.com",
            "name": "projects/project-ef128af4-2ca3-4e17-837/serviceAccounts/wedding-scheduler@project-ef128af4-2ca3-4e17-837.iam.gserviceaccount.com",
            "project": "project-ef128af4-2ca3-4e17-837",
            "timeouts": null,
            "unique_id": "108173740167254997182"
          },
          "sensitive_attributes": [],
          "identity_schema_version": 0,
          "private": "eyJlMmJmYjczMC1lY2FhLTExZTYtOGY4OC0zNDM2M2JjN2M0YzAiOnsiY3JlYXRlIjozMDAwMDAwMDAwMDB9fQ=="
        }
      ]
    },
    {
      "mode": "managed",
      "type": "google_service_account",
      "name": "wedding_runner",
      "provider": "provider[\"registry.terraform.io/hashicorp/google\"]",
      "instances": [
        {
          "schema_version": 0,
          "attributes": {
            "account_id": "wedding-rsvp-runner",
            "create_ignore_already_exists": null,
            "description": "",
            "disabled": false,
            "display_name": "Wedding RSVP Cloud Run service account",
            "email": "wedding-rsvp-runner@project-ef128af4-2ca3-4e17-837.iam.gserviceaccount.com",
            "id": "projects/project-ef128af4-2ca3-4e17-837/serviceAccounts/wedding-rsvp-runner@project-ef128af4-2ca3-4e17-837.iam.gserviceaccount.com",
            "member": "serviceAccount:wedding-rsvp-runner@project-ef128af4-2ca3-4e17-837.iam.gserviceaccount.com",
            "name": "projects/project-ef128af4-2ca3-4e17-837/serviceAccounts/wedding-rsvp-runner@project-ef128af4-2ca3-4e17-837.iam.gserviceaccount.com",
            "project": "project-ef128af4-2ca3-4e17-837",
            "timeouts": null,
            "unique_id": "101393834466107606897"
          },
          "sensitive_attributes": [],
          "identity_schema_version": 0,
          "private": "eyJlMmJmYjczMC1lY2FhLTExZTYtOGY4OC0zNDM2M2JjN2M0YzAiOnsiY3JlYXRlIjozMDAwMDAwMDAwMDB9fQ=="
        }
      ]
    },
    {
      "mode": "managed",
      "type": "google_storage_bucket",
      "name": "backups",
      "provider": "provider[\"registry.terraform.io/hashicorp/google\"]",
      "instances": [
        {
          "schema_version": 2,
          "attributes": {
            "autoclass": [],
            "cors": [],
            "custom_placement_config": [],
            "default_event_based_hold": false,
            "effective_labels": {},
            "enable_object_retention": false,
            "encryption": [],
            "force_destroy": false,
            "id": "project-ef128af4-2ca3-4e17-837-wedding-backups",
            "labels": {},
            "lifecycle_rule": [
              {
                "action": [
                  {
                    "storage_class": "",
                    "type": "Delete"
                  }
                ],
                "condition": [
                  {
                    "age": 90,
                    "created_before": "",
                    "custom_time_before": "",
                    "days_since_custom_time": 0,
                    "days_since_noncurrent_time": 0,
                    "matches_prefix": [],
                    "matches_storage_class": [],
                    "matches_suffix": [],
                    "no_age": false,
                    "noncurrent_time_before": "",
                    "num_newer_versions": 0,
                    "send_age_if_zero": true,
                    "send_days_since_custom_time_if_zero": false,
                    "send_days_since_noncurrent_time_if_zero": false,
                    "send_num_newer_versions_if_zero": false,
                    "with_state": "ANY"
                  }
                ]
              }
            ],
            "location": "EUROPE-WEST1",
            "logging": [],
            "name": "project-ef128af4-2ca3-4e17-837-wedding-backups",
            "project": "project-ef128af4-2ca3-4e17-837",
            "project_number": 966641821373,
            "public_access_prevention": "inherited",
            "requester_pays": false,
            "retention_policy": [],
            "rpo": null,
            "self_link": "https://www.googleapis.com/storage/v1/b/project-ef128af4-2ca3-4e17-837-wedding-backups",
            "soft_delete_policy": [
              {
                "effective_time": "2026-02-08T15:11:10.882Z",
                "retention_duration_seconds": 604800
              }
            ],
            "storage_class": "STANDARD",
            "terraform_labels": {},
            "timeouts": null,
            "uniform_bucket_level_access": true,
            "url": "gs://project-ef128af4-2ca3-4e17-837-wedding-backups",
            "versioning": [],
            "website": []
          },
          "sensitive_attributes": [],
          "identity_schema_version": 0,
          "private": "eyJlMmJmYjczMC1lY2FhLTExZTYtOGY4OC0zNDM2M2JjN2M0YzAiOnsiY3JlYXRlIjo2MDAwMDAwMDAwMDAsInJlYWQiOjI0MDAwMDAwMDAwMCwidXBkYXRlIjoyNDAwMDAwMDAwMDB9LCJzY2hlbWFfdmVyc2lvbiI6IjIifQ=="
        }
      ]
    },
    {
      "mode": "managed",
      "type": "google_storage_bucket",
      "name": "data",
      "provider": "provider[\"registry.terraform.io/hashicorp/google\"]",
      "instances": [
        {
          "schema_version": 2,
          "attributes": {
            "autoclass": [],
            "cors": [],
            "custom_placement_config": [],
            "default_event_based_hold": false,
            "effective_labels": {},
            "enable_object_retention": false,
            "encryption": [],
            "force_destroy": false,
            "id": "project-ef128af4-2ca3-4e17-837-wedding-data",
            "labels": {},
            "lifecycle_rule": [
              {
                "action": [
                  {
                    "storage_class": "",
                    "type": "Delete"
                  }
                ],
                "condition": [
                  {
                    "age": 0,
                    "created_before": "",
                    "custom_time_before": "",
                    "days_since_custom_time": 0,
                    "days_since_noncurrent_time": 0,
                    "matches_prefix": [],
                    "matches_storage_class": [],
                    "matches_suffix": [],
                    "no_age": false,
                    "noncurrent_time_before": "",
                    "num_newer_versions": 30,
                    "send_age_if_zero": true,
                    "send_days_since_custom_time_if_zero": false,
                    "send_days_since_noncurrent_time_if_zero": false,
                    "send_num_newer_versions_if_zero": false,
                    "with_state": "ANY"
                  }
                ]
              }
            ],
            "location": "EUROPE-WEST1",
            "logging": [],
            "name": "project-ef128af4-2ca3-4e17-837-wedding-data",
            "project": "project-ef128af4-2ca3-4e17-837",
            "project_number": 966641821373,
            "public_access_prevention": "inherited",
            "requester_pays": false,
            "retention_policy": [],
            "rpo": null,
            "self_link": "https://www.googleapis.com/storage/v1/b/project-ef128af4-2ca3-4e17-837-wedding-data",
            "soft_delete_policy": [
              {
                "effective_time": "2026-02-08T15:11:09.628Z",
                "retention_duration_seconds": 604800
              }
            ],
            "storage_class": "STANDARD",
            "terraform_labels": {},
            "timeouts": null,
            "uniform_bucket_level_access": true,
            "url": "gs://project-ef128af4-2ca3-4e17-837-wedding-data",
            "versioning": [
              {
                "enabled": true
              }
            ],
            "website": []
          },
          "sensitive_attributes": [],
          "identity_schema_version": 0,
          "private": "eyJlMmJmYjczMC1lY2FhLTExZTYtOGY4OC0zNDM2M2JjN2M0YzAiOnsiY3JlYXRlIjo2MDAwMDAwMDAwMDAsInJlYWQiOjI0MDAwMDAwMDAwMCwidXBkYXRlIjoyNDAwMDAwMDAwMDB9LCJzY2hlbWFfdmVyc2lvbiI6IjIifQ=="
        }
      ]
    },
    {
      "mode": "managed",
      "type": "google_storage_bucket_iam_member",
      "name": "backup_access",
      "provider": "provider[\"registry.terraform.io/hashicorp/google\"]",
      "instances": [
        {
          "schema_version": 0,
          "attributes": {
            "bucket": "b/project-ef128af4-2ca3-4e17-837-wedding-backups",
            "condition": [],
            "etag": "CAI=",
            "id": "b/project-ef128af4-2ca3-4e17-837-wedding-backups/roles/storage.objectAdmin/serviceAccount:wedding-rsvp-runner@project-ef128af4-2ca3-4e17-837.iam.gserviceaccount.com",
            "member": "serviceAccount:wedding-rsvp-runner@project-ef128af4-2ca3-4e17-837.iam.gserviceaccount.com",
            "role": "roles/storage.objectAdmin"
          },
          "sensitive_attributes": [],
          "identity_schema_version": 0,
          "private": "bnVsbA==",
          "dependencies": [
            "google_service_account.wedding_runner",
            "google_storage_bucket.backups"
          ]
        }
      ]
    },
    {
      "mode": "managed",
      "type": "google_storage_bucket_iam_member",
      "name": "data_access",
      "provider": "provider[\"registry.terraform.io/hashicorp/google\"]",
      "instances": [
        {
          "schema_version": 0,
          "attributes": {
            "bucket": "b/project-ef128af4-2ca3-4e17-837-wedding-data",
            "condition": [],
            "etag": "CAI=",
            "id": "b/project-ef128af4-2ca3-4e17-837-wedding-data/roles/storage.objectAdmin/serviceAccount:wedding-rsvp-runner@project-ef128af4-2ca3-4e17-837.iam.gserviceaccount.com",
            "member": "serviceAccount:wedding-rsvp-runner@project-ef128af4-2ca3-4e17-837.iam.gserviceaccount.com",
            "role": "roles/storage.objectAdmin"
          },
          "sensitive_attributes": [],
          "identity_schema_version": 0,
          "private": "bnVsbA==",
          "dependencies": [
            "google_service_account.wedding_runner",
            "google_storage_bucket.data"
          ]
        }
      ]
    }
  ],
  "check_results": null
}
